{
    "_readme": [
        "This file locks the dependencies of your project to a known state",
        "Read more about it at https://getcomposer.org/doc/01-basic-usage.md#installing-dependencies",
        "This file is @generated automatically"
    ],
    "content-hash": "a0eca3d4453c56119340a7bae0f1a9c1",
    "packages": [
        {
            "name": "antonlukin/image-text",
            "version": "dev-master",
            "source": {
                "type": "git",
                "url": "https://github.com/antonlukin/image-text.git",
                "reference": "3bbe35cbb238782cde980b9b5d2a0f3a094ffa4e"
            },
            "dist": {
                "type": "zip",
                "url": "https://api.github.com/repos/antonlukin/image-text/zipball/3bbe35cbb238782cde980b9b5d2a0f3a094ffa4e",
                "reference": "3bbe35cbb238782cde980b9b5d2a0f3a094ffa4e",
                "shasum": ""
            },
            "require": {
                "php": ">=5.3.0"
            },
            "type": "library",
            "autoload": {
                "files": [
                    "src/ImageText.php"
                ]
            },
            "notification-url": "https://packagist.org/downloads/",
            "license": [
                "MIT"
            ],
            "authors": [
                {
                    "name": "Anton Lukin",
                    "email": "anton@lukin.me"
                }
            ],
            "description": "Wrapper for PHP's GD Library for easy image manipulation",
            "homepage": "https://lukin.me",
            "keywords": [
                "gd",
                "image",
                "php",
                "text"
            ],
            "time": "2020-08-30T23:43:08+00:00"
        }
    ],
    "packages-dev": [],
    "aliases": [],
    "minimum-stability": "stable",
    "stability-flags": {
        "antonlukin/image-text": 20
    },
    "prefer-stable": false,
    "prefer-lowest": false,
    "platform": [],
    "platform-dev": []
}
